
Microsoft Visual Studio Solution File, Format Version 12.00
# Visual Studio Version 17
VisualStudioVersion = 17.0.31903.59
MinimumVisualStudioVersion = 10.0.40219.1
Project("{2150E333-8FDC-42A3-9474-1A3956D46DE8}") = "src", "src", "{4A13958B-6CE3-47F0-BBA0-3323B6B41F59}"
EndProject
Project("{FAE04EC0-301F-11D3-BF4B-00C04F79EFBC}") = "Pocco.Svc.CoreAPI", "src\service\Pocco.Svc.CoreAPI.csproj", "{01F23399-BAFC-44A4-8923-07235E11D00F}"
EndProject
Global
	GlobalSection(SolutionConfigurationPlatforms) = preSolution
		Debug|Any CPU = Debug|Any CPU
		Release|Any CPU = Release|Any CPU
	EndGlobalSection
	GlobalSection(SolutionProperties) = preSolution
		HideSolutionNode = FALSE
	EndGlobalSection
	GlobalSection(ProjectConfigurationPlatforms) = postSolution
		{01F23399-BAFC-44A4-8923-07235E11D00F}.Debug|Any CPU.ActiveCfg = Debug|Any CPU
		{01F23399-BAFC-44A4-8923-07235E11D00F}.Debug|Any CPU.Build.0 = Debug|Any CPU
		{01F23399-BAFC-44A4-8923-07235E11D00F}.Release|Any CPU.ActiveCfg = Release|Any CPU
		{01F23399-BAFC-44A4-8923-07235E11D00F}.Release|Any CPU.Build.0 = Release|Any CPU
	EndGlobalSection
	GlobalSection(NestedProjects) = preSolution
		{01F23399-BAFC-44A4-8923-07235E11D00F} = {4A13958B-6CE3-47F0-BBA0-3323B6B41F59}
	EndGlobalSection
EndGlobal
